
Microsoft Visual Studio Solution File, Format Version 12.00
# Visual Studio Version 16
VisualStudioVersion = 16.0.31205.134
MinimumVisualStudioVersion = 10.0.40219.1
Project("{9A19103F-16F7-4668-BE54-9A1E7A4F7556}") = "WinFormsApp1", "WinFormsApp1.csproj", "{463C5F41-8F36-46E3-B7D4-C1F27D2860FE}"
EndProject
Global
	GlobalSection(SolutionConfigurationPlatforms) = preSolution
		Debug|Any CPU = Debug|Any CPU
		Release|Any CPU = Release|Any CPU
	EndGlobalSection
	GlobalSection(ProjectConfigurationPlatforms) = postSolution
		{463C5F41-8F36-46E3-B7D4-C1F27D2860FE}.Debug|Any CPU.ActiveCfg = Debug|Any CPU
		{463C5F41-8F36-46E3-B7D4-C1F27D2860FE}.Debug|Any CPU.Build.0 = Debug|Any CPU
		{463C5F41-8F36-46E3-B7D4-C1F27D2860FE}.Release|Any CPU.ActiveCfg = Release|Any CPU
		{463C5F41-8F36-46E3-B7D4-C1F27D2860FE}.Release|Any CPU.Build.0 = Release|Any CPU
	EndGlobalSection
	GlobalSection(SolutionProperties) = preSolution
		HideSolutionNode = FALSE
	EndGlobalSection
	GlobalSection(ExtensibilityGlobals) = postSolution
		SolutionGuid = {87BD346D-C2C2-4595-BD29-1607B066CC89}
	EndGlobalSection
EndGlobal
